
Microsoft Visual Studio Solution File, Format Version 12.00
# Visual Studio 15
VisualStudioVersion = 15.0.26124.0
MinimumVisualStudioVersion = 15.0.26124.0
Project("{2150E333-8FDC-42A3-9474-1A3956D46DE8}") = "src", "src", "{74C19E01-F156-42A6-8D57-B1A73E3004C3}"
EndProject
Project("{FAE04EC0-301F-11D3-BF4B-00C04F79EFBC}") = "Mona", "src\Mona\Mona.csproj", "{D75B3333-A868-40C5-9739-778BA2564E63}"
EndProject
Project("{2150E333-8FDC-42A3-9474-1A3956D46DE8}") = "tests", "tests", "{69231682-26D4-49F7-8E61-50FAA645422D}"
EndProject
Project("{FAE04EC0-301F-11D3-BF4B-00C04F79EFBC}") = "Mona.Tests", "tests\Mona.Tests\Mona.Tests.csproj", "{0E4307CD-FAE2-4843-8884-01CFF334D30C}"
EndProject
Global
	GlobalSection(SolutionConfigurationPlatforms) = preSolution
		Debug|Any CPU = Debug|Any CPU
		Debug|x64 = Debug|x64
		Debug|x86 = Debug|x86
		Release|Any CPU = Release|Any CPU
		Release|x64 = Release|x64
		Release|x86 = Release|x86
	EndGlobalSection
	GlobalSection(SolutionProperties) = preSolution
		HideSolutionNode = FALSE
	EndGlobalSection
	GlobalSection(ProjectConfigurationPlatforms) = postSolution
		{D75B3333-A868-40C5-9739-778BA2564E63}.Debug|Any CPU.ActiveCfg = Debug|Any CPU
		{D75B3333-A868-40C5-9739-778BA2564E63}.Debug|Any CPU.Build.0 = Debug|Any CPU
		{D75B3333-A868-40C5-9739-778BA2564E63}.Debug|x64.ActiveCfg = Debug|x64
		{D75B3333-A868-40C5-9739-778BA2564E63}.Debug|x64.Build.0 = Debug|x64
		{D75B3333-A868-40C5-9739-778BA2564E63}.Debug|x86.ActiveCfg = Debug|x86
		{D75B3333-A868-40C5-9739-778BA2564E63}.Debug|x86.Build.0 = Debug|x86
		{D75B3333-A868-40C5-9739-778BA2564E63}.Release|Any CPU.ActiveCfg = Release|Any CPU
		{D75B3333-A868-40C5-9739-778BA2564E63}.Release|Any CPU.Build.0 = Release|Any CPU
		{D75B3333-A868-40C5-9739-778BA2564E63}.Release|x64.ActiveCfg = Release|x64
		{D75B3333-A868-40C5-9739-778BA2564E63}.Release|x64.Build.0 = Release|x64
		{D75B3333-A868-40C5-9739-778BA2564E63}.Release|x86.ActiveCfg = Release|x86
		{D75B3333-A868-40C5-9739-778BA2564E63}.Release|x86.Build.0 = Release|x86
		{0E4307CD-FAE2-4843-8884-01CFF334D30C}.Debug|Any CPU.ActiveCfg = Debug|Any CPU
		{0E4307CD-FAE2-4843-8884-01CFF334D30C}.Debug|Any CPU.Build.0 = Debug|Any CPU
		{0E4307CD-FAE2-4843-8884-01CFF334D30C}.Debug|x64.ActiveCfg = Debug|x64
		{0E4307CD-FAE2-4843-8884-01CFF334D30C}.Debug|x64.Build.0 = Debug|x64
		{0E4307CD-FAE2-4843-8884-01CFF334D30C}.Debug|x86.ActiveCfg = Debug|x86
		{0E4307CD-FAE2-4843-8884-01CFF334D30C}.Debug|x86.Build.0 = Debug|x86
		{0E4307CD-FAE2-4843-8884-01CFF334D30C}.Release|Any CPU.ActiveCfg = Release|Any CPU
		{0E4307CD-FAE2-4843-8884-01CFF334D30C}.Release|Any CPU.Build.0 = Release|Any CPU
		{0E4307CD-FAE2-4843-8884-01CFF334D30C}.Release|x64.ActiveCfg = Release|x64
		{0E4307CD-FAE2-4843-8884-01CFF334D30C}.Release|x64.Build.0 = Release|x64
		{0E4307CD-FAE2-4843-8884-01CFF334D30C}.Release|x86.ActiveCfg = Release|x86
		{0E4307CD-FAE2-4843-8884-01CFF334D30C}.Release|x86.Build.0 = Release|x86
	EndGlobalSection
	GlobalSection(NestedProjects) = preSolution
		{D75B3333-A868-40C5-9739-778BA2564E63} = {74C19E01-F156-42A6-8D57-B1A73E3004C3}
		{0E4307CD-FAE2-4843-8884-01CFF334D30C} = {69231682-26D4-49F7-8E61-50FAA645422D}
	EndGlobalSection
EndGlobal
